PODS:
  - CryptoSwift (0.6.7)
  - NVActivityIndicatorView (3.2)
  - SDWebImage (3.8.2):
    - SDWebImage/Core (= 3.8.2)
  - SDWebImage/Core (3.8.2)
  - TextFieldEffects (1.3.0)

DEPENDENCIES:
  - CryptoSwift
  - NVActivityIndicatorView
  - SDWebImage (~> 3.8)
  - TextFieldEffects

SPEC CHECKSUMS:
  CryptoSwift: 685ae257941e5447474348a2b545583e1a16b573
  NVActivityIndicatorView: 28942c18ced111a6a3ce5e6f5b27d9d40116d639
  SDWebImage: 098e97e6176540799c27e804c96653ee0833d13c
  TextFieldEffects: ef594746f17997c813e07633f8ae5acaf9b04f27

PODFILE CHECKSUM: 73f37a7091fd7fe9ba6aa903d52c3cc5852d9cb8

COCOAPODS: 1.1.1
